
Microsoft Visual Studio Solution File, Format Version 12.00
# Visual Studio 2013
VisualStudioVersion = 12.0.30723.0
MinimumVisualStudioVersion = 10.0.40219.1
Project("{FAE04EC0-301F-11D3-BF4B-00C04F79EFBC}") = "Labo4_oef1Versie2", "Labo4_oef1Versie2\Labo4_oef1Versie2.csproj", "{500AB359-6164-48BF-904E-A43390875A70}"
EndProject
Project("{FAE04EC0-301F-11D3-BF4B-00C04F79EFBC}") = "Labo1_oef1.1Versie2", "Labo1_oef1.1Versie2\Labo1_oef1.1Versie2.csproj", "{FB554703-6AF5-4566-812E-5CD620D3BAC6}"
EndProject
Project("{FAE04EC0-301F-11D3-BF4B-00C04F79EFBC}") = "Labo_oef1.2Versie2", "Labo_oef1.2Versie2\Labo_oef1.2Versie2.csproj", "{2D5E733D-59DA-404F-BE46-C1A7D8192F13}"
EndProject
Global
	GlobalSection(SolutionConfigurationPlatforms) = preSolution
		Debug|Any CPU = Debug|Any CPU
		Release|Any CPU = Release|Any CPU
	EndGlobalSection
	GlobalSection(ProjectConfigurationPlatforms) = postSolution
		{500AB359-6164-48BF-904E-A43390875A70}.Debug|Any CPU.ActiveCfg = Debug|Any CPU
		{500AB359-6164-48BF-904E-A43390875A70}.Debug|Any CPU.Build.0 = Debug|Any CPU
		{500AB359-6164-48BF-904E-A43390875A70}.Release|Any CPU.ActiveCfg = Release|Any CPU
		{500AB359-6164-48BF-904E-A43390875A70}.Release|Any CPU.Build.0 = Release|Any CPU
		{FB554703-6AF5-4566-812E-5CD620D3BAC6}.Debug|Any CPU.ActiveCfg = Debug|Any CPU
		{FB554703-6AF5-4566-812E-5CD620D3BAC6}.Debug|Any CPU.Build.0 = Debug|Any CPU
		{FB554703-6AF5-4566-812E-5CD620D3BAC6}.Release|Any CPU.ActiveCfg = Release|Any CPU
		{FB554703-6AF5-4566-812E-5CD620D3BAC6}.Release|Any CPU.Build.0 = Release|Any CPU
		{2D5E733D-59DA-404F-BE46-C1A7D8192F13}.Debug|Any CPU.ActiveCfg = Debug|Any CPU
		{2D5E733D-59DA-404F-BE46-C1A7D8192F13}.Debug|Any CPU.Build.0 = Debug|Any CPU
		{2D5E733D-59DA-404F-BE46-C1A7D8192F13}.Release|Any CPU.ActiveCfg = Release|Any CPU
		{2D5E733D-59DA-404F-BE46-C1A7D8192F13}.Release|Any CPU.Build.0 = Release|Any CPU
	EndGlobalSection
	GlobalSection(SolutionProperties) = preSolution
		HideSolutionNode = FALSE
	EndGlobalSection
EndGlobal
